
Microsoft Visual Studio Solution File, Format Version 12.00
# Visual Studio Version 16
VisualStudioVersion = 16.0.32428.217
MinimumVisualStudioVersion = 10.0.40219.1
Project("{FAE04EC0-301F-11D3-BF4B-00C04F79EFBC}") = "WebApplication1", "WebApplication1\WebApplication1.csproj", "{97E9CD95-6E2F-4EFC-99F8-DE46B0A4C5EC}"
EndProject
Global
	GlobalSection(SolutionConfigurationPlatforms) = preSolution
		Debug|Any CPU = Debug|Any CPU
		Release|Any CPU = Release|Any CPU
	EndGlobalSection
	GlobalSection(ProjectConfigurationPlatforms) = postSolution
		{97E9CD95-6E2F-4EFC-99F8-DE46B0A4C5EC}.Debug|Any CPU.ActiveCfg = Debug|Any CPU
		{97E9CD95-6E2F-4EFC-99F8-DE46B0A4C5EC}.Debug|Any CPU.Build.0 = Debug|Any CPU
		{97E9CD95-6E2F-4EFC-99F8-DE46B0A4C5EC}.Release|Any CPU.ActiveCfg = Release|Any CPU
		{97E9CD95-6E2F-4EFC-99F8-DE46B0A4C5EC}.Release|Any CPU.Build.0 = Release|Any CPU
	EndGlobalSection
	GlobalSection(SolutionProperties) = preSolution
		HideSolutionNode = FALSE
	EndGlobalSection
	GlobalSection(ExtensibilityGlobals) = postSolution
		SolutionGuid = {E71FF3FA-3E4C-42B5-B05D-1509B41B848E}
	EndGlobalSection
EndGlobal
